
Microsoft Visual Studio Solution File, Format Version 12.00
# Visual Studio 15
VisualStudioVersion = 15.0.27130.2010
MinimumVisualStudioVersion = 10.0.40219.1
Project("{FAE04EC0-301F-11D3-BF4B-00C04F79EFBC}") = "Patterns.Samples", "Patterns.Samples\Patterns.Samples.csproj", "{95E71A24-4A60-49C7-B2C2-D493CC28C3D1}"
EndProject
Project("{FAE04EC0-301F-11D3-BF4B-00C04F79EFBC}") = "Patterns.Samples.ConsoleApp", "Patterns.Samples.ConsoleApp\Patterns.Samples.ConsoleApp.csproj", "{C8678F8C-30DA-414F-A097-846506BEF942}"
EndProject
Global
	GlobalSection(SolutionConfigurationPlatforms) = preSolution
		Debug|Any CPU = Debug|Any CPU
		Release|Any CPU = Release|Any CPU
	EndGlobalSection
	GlobalSection(ProjectConfigurationPlatforms) = postSolution
		{95E71A24-4A60-49C7-B2C2-D493CC28C3D1}.Debug|Any CPU.ActiveCfg = Debug|Any CPU
		{95E71A24-4A60-49C7-B2C2-D493CC28C3D1}.Debug|Any CPU.Build.0 = Debug|Any CPU
		{95E71A24-4A60-49C7-B2C2-D493CC28C3D1}.Release|Any CPU.ActiveCfg = Release|Any CPU
		{95E71A24-4A60-49C7-B2C2-D493CC28C3D1}.Release|Any CPU.Build.0 = Release|Any CPU
		{C8678F8C-30DA-414F-A097-846506BEF942}.Debug|Any CPU.ActiveCfg = Debug|Any CPU
		{C8678F8C-30DA-414F-A097-846506BEF942}.Debug|Any CPU.Build.0 = Debug|Any CPU
		{C8678F8C-30DA-414F-A097-846506BEF942}.Release|Any CPU.ActiveCfg = Release|Any CPU
		{C8678F8C-30DA-414F-A097-846506BEF942}.Release|Any CPU.Build.0 = Release|Any CPU
	EndGlobalSection
	GlobalSection(SolutionProperties) = preSolution
		HideSolutionNode = FALSE
	EndGlobalSection
	GlobalSection(ExtensibilityGlobals) = postSolution
		SolutionGuid = {C2498DF1-7FAF-419F-A814-A2D464674ED0}
	EndGlobalSection
EndGlobal
